{
  "lockfileVersion": 2,
  "configVersion": 1,
  "workspaces": {
    "": {
      "name": "wasm-spike",
      "dependencies": {
        "@jsquash/png": "^3.1.1",
        "@jsquash/resize": "^2.1.1",
        "@resvg/resvg-wasm": "^2.6.2",
      },
    },
  },
  "packages": {
    "@jsquash/png": ["@jsquash/png@3.1.1", "", {}, "sha512-C10pc+0H6j0h8fENOfnGOvkXCmvpSQTDGlfGd0sHphZhPSGTyLjIrHba0FaZZdsKqA/wlmhYicUHb92vfZphaw=="],

    "@jsquash/resize": ["@jsquash/resize@2.1.1", "", {}, "sha512-0R5UL1ZLHUT+carjVikcE1QfA+kfNQ2YamYyGVRmhfh4zttU5EY3bQBGxPIPtY2xIAw1P4Kgyxm2xrceRw1r2w=="],

    "@resvg/resvg-wasm": ["@resvg/resvg-wasm@2.6.2", "", {}, "sha512-FqALmHI8D4o6lk/LRWDnhw95z5eO+eAa6ORjVg09YRR7BkcM6oPHU9uyC0gtQG5vpFLvgpeU4+zEAz2H8APHNw=="],
  }
}
